
Microsoft Visual Studio Solution File, Format Version 12.00
# Visual Studio Version 17
VisualStudioVersion = 17.6.33815.320
MinimumVisualStudioVersion = 10.0.40219.1
Project("{FAE04EC0-301F-11D3-BF4B-00C04F79EFBC}") = "Kigyos", "Kigyos\Kigyos.csproj", "{214B188D-8015-4407-8D40-14C63787C266}"
EndProject
Global
	GlobalSection(SolutionConfigurationPlatforms) = preSolution
		Debug|Any CPU = Debug|Any CPU
		Release|Any CPU = Release|Any CPU
	EndGlobalSection
	GlobalSection(ProjectConfigurationPlatforms) = postSolution
		{214B188D-8015-4407-8D40-14C63787C266}.Debug|Any CPU.ActiveCfg = Debug|Any CPU
		{214B188D-8015-4407-8D40-14C63787C266}.Debug|Any CPU.Build.0 = Debug|Any CPU
		{214B188D-8015-4407-8D40-14C63787C266}.Release|Any CPU.ActiveCfg = Release|Any CPU
		{214B188D-8015-4407-8D40-14C63787C266}.Release|Any CPU.Build.0 = Release|Any CPU
	EndGlobalSection
	GlobalSection(SolutionProperties) = preSolution
		HideSolutionNode = FALSE
	EndGlobalSection
	GlobalSection(ExtensibilityGlobals) = postSolution
		SolutionGuid = {3BD86A7F-FEE0-4078-AC72-F756CE616998}
	EndGlobalSection
EndGlobal
